
Microsoft Visual Studio Solution File, Format Version 12.00
# Visual Studio Version 17
VisualStudioVersion = 17.11.35327.3
MinimumVisualStudioVersion = 10.0.40219.1
Project("{FAE04EC0-301F-11D3-BF4B-00C04F79EFBC}") = "Fatorial_Calculo", "Fatorial_Calculo.csproj", "{EFEF416D-C0E9-46C5-AC40-1D923F667EED}"
EndProject
Global
	GlobalSection(SolutionConfigurationPlatforms) = preSolution
		Debug|Any CPU = Debug|Any CPU
		Release|Any CPU = Release|Any CPU
	EndGlobalSection
	GlobalSection(ProjectConfigurationPlatforms) = postSolution
		{EFEF416D-C0E9-46C5-AC40-1D923F667EED}.Debug|Any CPU.ActiveCfg = Debug|Any CPU
		{EFEF416D-C0E9-46C5-AC40-1D923F667EED}.Debug|Any CPU.Build.0 = Debug|Any CPU
		{EFEF416D-C0E9-46C5-AC40-1D923F667EED}.Release|Any CPU.ActiveCfg = Release|Any CPU
		{EFEF416D-C0E9-46C5-AC40-1D923F667EED}.Release|Any CPU.Build.0 = Release|Any CPU
	EndGlobalSection
	GlobalSection(SolutionProperties) = preSolution
		HideSolutionNode = FALSE
	EndGlobalSection
	GlobalSection(ExtensibilityGlobals) = postSolution
		SolutionGuid = {6A2229B0-82D2-4D5E-9319-080BC8314FD6}
	EndGlobalSection
EndGlobal
