
Microsoft Visual Studio Solution File, Format Version 12.00
# Visual Studio Version 17
VisualStudioVersion = 17.11.35327.3
MinimumVisualStudioVersion = 10.0.40219.1
Project("{FAE04EC0-301F-11D3-BF4B-00C04F79EFBC}") = "ex20", "ex20.csproj", "{DA009A16-58B6-43F1-B49B-8E4953D336BB}"
EndProject
Global
	GlobalSection(SolutionConfigurationPlatforms) = preSolution
		Debug|Any CPU = Debug|Any CPU
		Release|Any CPU = Release|Any CPU
	EndGlobalSection
	GlobalSection(ProjectConfigurationPlatforms) = postSolution
		{DA009A16-58B6-43F1-B49B-8E4953D336BB}.Debug|Any CPU.ActiveCfg = Debug|Any CPU
		{DA009A16-58B6-43F1-B49B-8E4953D336BB}.Debug|Any CPU.Build.0 = Debug|Any CPU
		{DA009A16-58B6-43F1-B49B-8E4953D336BB}.Release|Any CPU.ActiveCfg = Release|Any CPU
		{DA009A16-58B6-43F1-B49B-8E4953D336BB}.Release|Any CPU.Build.0 = Release|Any CPU
	EndGlobalSection
	GlobalSection(SolutionProperties) = preSolution
		HideSolutionNode = FALSE
	EndGlobalSection
	GlobalSection(ExtensibilityGlobals) = postSolution
		SolutionGuid = {211E9850-095B-499B-87FF-713702E91EA5}
	EndGlobalSection
EndGlobal
