
Microsoft Visual Studio Solution File, Format Version 12.00
# Visual Studio Version 17
VisualStudioVersion = 17.11.35327.3
MinimumVisualStudioVersion = 10.0.40219.1
Project("{FAE04EC0-301F-11D3-BF4B-00C04F79EFBC}") = "ex14", "ex14.csproj", "{1160929E-2410-4811-AACC-904B07C56C86}"
EndProject
Global
	GlobalSection(SolutionConfigurationPlatforms) = preSolution
		Debug|Any CPU = Debug|Any CPU
		Release|Any CPU = Release|Any CPU
	EndGlobalSection
	GlobalSection(ProjectConfigurationPlatforms) = postSolution
		{1160929E-2410-4811-AACC-904B07C56C86}.Debug|Any CPU.ActiveCfg = Debug|Any CPU
		{1160929E-2410-4811-AACC-904B07C56C86}.Debug|Any CPU.Build.0 = Debug|Any CPU
		{1160929E-2410-4811-AACC-904B07C56C86}.Release|Any CPU.ActiveCfg = Release|Any CPU
		{1160929E-2410-4811-AACC-904B07C56C86}.Release|Any CPU.Build.0 = Release|Any CPU
	EndGlobalSection
	GlobalSection(SolutionProperties) = preSolution
		HideSolutionNode = FALSE
	EndGlobalSection
	GlobalSection(ExtensibilityGlobals) = postSolution
		SolutionGuid = {4A205F55-3B27-480A-BDBF-C4A6BC01AF3B}
	EndGlobalSection
EndGlobal
